{
  "name": "ld46",
  "version": "0.0.0",
  "lockfileVersion": 1,
  "requires": true,
  "dependencies": {
    "attain": {
      "version": "0.0.187",
      "resolved": "https://registry.npmjs.org/attain/-/attain-0.0.187.tgz",
      "integrity": "sha512-E55XMHKgKjqM7cHDgHTFzFBYyP2jaX3rK3aVO7UxXvVtQXksEUh8GjkQbtuj+zoqBTKeNu6DPW0HjD+/7aR83A==",
      "requires": {
        "mithril-stream": "2.0.0",
        "vella": "0.0.3"
      }
    },
    "bss": {
      "version": "1.6.4",
      "resolved": "https://registry.npmjs.org/bss/-/bss-1.6.4.tgz",
      "integrity": "sha512-+inXOlHY3Ln9+Zmxa4rHJVB32wbsceVeJhW9NuPs7vqprPEoMUdZNFZeNUxNFd+DSqsckDRcd50/lMZlgpK+uw=="
    },
    "marked": {
      "version": "0.8.2",
      "resolved": "https://registry.npmjs.org/marked/-/marked-0.8.2.tgz",
      "integrity": "sha512-EGwzEeCcLniFX51DhTpmTom+dSA/MG/OBUDjnWtHbEnjAH180VzUeAw+oE4+Zv+CoYBWyRlYOTR0N8SO9R1PVw=="
    },
    "mithril": {
      "version": "2.0.4",
      "resolved": "https://registry.npmjs.org/mithril/-/mithril-2.0.4.tgz",
      "integrity": "sha512-mgw+DMZlhMS4PpprF6dl7ZoeZq5GGcAuWnrg5e12MvaGauc4jzWsDZtVGRCktsiQczOEUr2K5teKbE5k44RlOg=="
    },
    "mithril-stream": {
      "version": "2.0.0",
      "resolved": "https://registry.npmjs.org/mithril-stream/-/mithril-stream-2.0.0.tgz",
      "integrity": "sha512-7anPud4n2FMGIXBQATVpFzclkddXHmJ1TzlqOP9STybk8JZYOPAD2otMYiMDc6sPrTNDY5S6GPDlYNIUY8Qs3Q=="
    },
    "s-js": {
      "version": "0.4.9",
      "resolved": "https://registry.npmjs.org/s-js/-/s-js-0.4.9.tgz",
      "integrity": "sha512-RtpOm+cM6O0sHg6IA70wH+UC3FZcND+rccBZpBAHzlUgNO2Bm5BN+FnM8+OBxzXdwpKWFwX11JGF0MFRkhSoIQ=="
    },
    "vella": {
      "version": "0.0.3",
      "resolved": "https://registry.npmjs.org/vella/-/vella-0.0.3.tgz",
      "integrity": "sha512-CAbIvBsex8+f0bLCPrWBW69VZCWrLno2WFBWUhPdC6DN9aV4psjKEmW7PD22vtPzec2brrc0wuGDKBtWRxqLLA==",
      "requires": {
        "s-js": "0.4.9"
      }
    }
  }
}
